
Microsoft Visual Studio Solution File, Format Version 12.00
# Visual Studio 2013
VisualStudioVersion = 12.0.21005.1
MinimumVisualStudioVersion = 10.0.40219.1
Project("{FAE04EC0-301F-11D3-BF4B-00C04F79EFBC}") = "1001stPrimeApps", "1001stPrimeApps\1001stPrimeApps.csproj", "{C1527FB2-E47F-4D5B-B4A1-033197025748}"
EndProject
Global
	GlobalSection(SolutionConfigurationPlatforms) = preSolution
		Debug|Any CPU = Debug|Any CPU
		Release|Any CPU = Release|Any CPU
	EndGlobalSection
	GlobalSection(ProjectConfigurationPlatforms) = postSolution
		{C1527FB2-E47F-4D5B-B4A1-033197025748}.Debug|Any CPU.ActiveCfg = Debug|Any CPU
		{C1527FB2-E47F-4D5B-B4A1-033197025748}.Debug|Any CPU.Build.0 = Debug|Any CPU
		{C1527FB2-E47F-4D5B-B4A1-033197025748}.Release|Any CPU.ActiveCfg = Release|Any CPU
		{C1527FB2-E47F-4D5B-B4A1-033197025748}.Release|Any CPU.Build.0 = Release|Any CPU
	EndGlobalSection
	GlobalSection(SolutionProperties) = preSolution
		HideSolutionNode = FALSE
	EndGlobalSection
EndGlobal
